
Microsoft Visual Studio Solution File, Format Version 12.00
# Visual Studio Version 17
VisualStudioVersion = 17.6.33815.320
MinimumVisualStudioVersion = 10.0.40219.1
Project("{FAE04EC0-301F-11D3-BF4B-00C04F79EFBC}") = "day14assg14", "day14assg14\day14assg14.csproj", "{622950AC-5366-4E31-AF8D-FF432D50E3E2}"
EndProject
Global
	GlobalSection(SolutionConfigurationPlatforms) = preSolution
		Debug|Any CPU = Debug|Any CPU
		Release|Any CPU = Release|Any CPU
	EndGlobalSection
	GlobalSection(ProjectConfigurationPlatforms) = postSolution
		{622950AC-5366-4E31-AF8D-FF432D50E3E2}.Debug|Any CPU.ActiveCfg = Debug|Any CPU
		{622950AC-5366-4E31-AF8D-FF432D50E3E2}.Debug|Any CPU.Build.0 = Debug|Any CPU
		{622950AC-5366-4E31-AF8D-FF432D50E3E2}.Release|Any CPU.ActiveCfg = Release|Any CPU
		{622950AC-5366-4E31-AF8D-FF432D50E3E2}.Release|Any CPU.Build.0 = Release|Any CPU
	EndGlobalSection
	GlobalSection(SolutionProperties) = preSolution
		HideSolutionNode = FALSE
	EndGlobalSection
	GlobalSection(ExtensibilityGlobals) = postSolution
		SolutionGuid = {FC4A4784-4F4B-483F-92D2-C5129DA7B9DF}
	EndGlobalSection
EndGlobal
